
Microsoft Visual Studio Solution File, Format Version 12.00
Project("{FAE04EC0-301F-11D3-BF4B-00C04F79EFBC}") = "WarehouseApplication.WebApi", "WarehouseApplication.WebApi\WarehouseApplication.WebApi.csproj", "{98272BAF-117A-48A0-B622-41BD25FBC0A3}"
EndProject
Project("{FAE04EC0-301F-11D3-BF4B-00C04F79EFBC}") = "WarehouseApplication.Data", "WarehouseApplication.Data\WarehouseApplication.Data.csproj", "{F2FA0C74-BD2C-4B87-8A4B-DE63900A4FA0}"
EndProject
Global
	GlobalSection(SolutionConfigurationPlatforms) = preSolution
		Debug|Any CPU = Debug|Any CPU
		Release|Any CPU = Release|Any CPU
	EndGlobalSection
	GlobalSection(ProjectConfigurationPlatforms) = postSolution
		{98272BAF-117A-48A0-B622-41BD25FBC0A3}.Debug|Any CPU.ActiveCfg = Debug|Any CPU
		{98272BAF-117A-48A0-B622-41BD25FBC0A3}.Debug|Any CPU.Build.0 = Debug|Any CPU
		{98272BAF-117A-48A0-B622-41BD25FBC0A3}.Release|Any CPU.ActiveCfg = Release|Any CPU
		{98272BAF-117A-48A0-B622-41BD25FBC0A3}.Release|Any CPU.Build.0 = Release|Any CPU
		{F2FA0C74-BD2C-4B87-8A4B-DE63900A4FA0}.Debug|Any CPU.ActiveCfg = Debug|Any CPU
		{F2FA0C74-BD2C-4B87-8A4B-DE63900A4FA0}.Debug|Any CPU.Build.0 = Debug|Any CPU
		{F2FA0C74-BD2C-4B87-8A4B-DE63900A4FA0}.Release|Any CPU.ActiveCfg = Release|Any CPU
		{F2FA0C74-BD2C-4B87-8A4B-DE63900A4FA0}.Release|Any CPU.Build.0 = Release|Any CPU
	EndGlobalSection
EndGlobal
